
Microsoft Visual Studio Solution File, Format Version 12.00
# Visual Studio Version 17
VisualStudioVersion = 17.1.32210.238
MinimumVisualStudioVersion = 10.0.40219.1
Project("{9A19103F-16F7-4668-BE54-9A1E7A4F7556}") = "MovieTicket", "MovieTicket\MovieTicket.csproj", "{15C86811-5225-4113-8F97-78E5E36A1110}"
EndProject
Project("{FAE04EC0-301F-11D3-BF4B-00C04F79EFBC}") = "MovieTicketTests", "MovieTicketTests\MovieTicketTests.csproj", "{E0DA0160-4346-40D6-A1D9-C7B1E6BFEBD3}"
EndProject
Global
	GlobalSection(SolutionConfigurationPlatforms) = preSolution
		Debug|Any CPU = Debug|Any CPU
		Release|Any CPU = Release|Any CPU
	EndGlobalSection
	GlobalSection(ProjectConfigurationPlatforms) = postSolution
		{15C86811-5225-4113-8F97-78E5E36A1110}.Debug|Any CPU.ActiveCfg = Debug|Any CPU
		{15C86811-5225-4113-8F97-78E5E36A1110}.Debug|Any CPU.Build.0 = Debug|Any CPU
		{15C86811-5225-4113-8F97-78E5E36A1110}.Release|Any CPU.ActiveCfg = Release|Any CPU
		{15C86811-5225-4113-8F97-78E5E36A1110}.Release|Any CPU.Build.0 = Release|Any CPU
		{E0DA0160-4346-40D6-A1D9-C7B1E6BFEBD3}.Debug|Any CPU.ActiveCfg = Debug|Any CPU
		{E0DA0160-4346-40D6-A1D9-C7B1E6BFEBD3}.Debug|Any CPU.Build.0 = Debug|Any CPU
		{E0DA0160-4346-40D6-A1D9-C7B1E6BFEBD3}.Release|Any CPU.ActiveCfg = Release|Any CPU
		{E0DA0160-4346-40D6-A1D9-C7B1E6BFEBD3}.Release|Any CPU.Build.0 = Release|Any CPU
	EndGlobalSection
	GlobalSection(SolutionProperties) = preSolution
		HideSolutionNode = FALSE
	EndGlobalSection
	GlobalSection(ExtensibilityGlobals) = postSolution
		SolutionGuid = {2B4E2E05-06E9-4974-89A4-1A5C77096598}
	EndGlobalSection
EndGlobal
